
Microsoft Visual Studio Solution File, Format Version 12.00
# Visual Studio Version 16
VisualStudioVersion = 16.0.30011.22
MinimumVisualStudioVersion = 10.0.40219.1
Project("{9A19103F-16F7-4668-BE54-9A1E7A4F7556}") = "SecretWeapon.DataModel", "SecretWeapon.DataModel\SecretWeapon.DataModel.csproj", "{E5441CE6-AA09-42BE-8CC1-FC5C580B2BE9}"
EndProject
Project("{9A19103F-16F7-4668-BE54-9A1E7A4F7556}") = "SecretWeapon.Tools", "SecretWeapon.Tools\SecretWeapon.Tools.csproj", "{9990C90D-DE35-4E0E-8CD1-3EE520F359C0}"
EndProject
Project("{9A19103F-16F7-4668-BE54-9A1E7A4F7556}") = "SecretWeapon.Management", "SecretWeapon.Management\SecretWeapon.Management.csproj", "{20CE41F1-CD5A-43B4-B50F-A7BFEDD47870}"
EndProject
Project("{9A19103F-16F7-4668-BE54-9A1E7A4F7556}") = "SecretWeapon.Web", "SecretWeapon.Web\SecretWeapon.Web.csproj", "{AEDE2D40-A185-4C82-B364-053A7EA07B0C}"
EndProject
Global
	GlobalSection(SolutionConfigurationPlatforms) = preSolution
		Debug|Any CPU = Debug|Any CPU
		Release|Any CPU = Release|Any CPU
	EndGlobalSection
	GlobalSection(ProjectConfigurationPlatforms) = postSolution
		{E5441CE6-AA09-42BE-8CC1-FC5C580B2BE9}.Debug|Any CPU.ActiveCfg = Debug|Any CPU
		{E5441CE6-AA09-42BE-8CC1-FC5C580B2BE9}.Debug|Any CPU.Build.0 = Debug|Any CPU
		{E5441CE6-AA09-42BE-8CC1-FC5C580B2BE9}.Release|Any CPU.ActiveCfg = Debug|Any CPU
		{E5441CE6-AA09-42BE-8CC1-FC5C580B2BE9}.Release|Any CPU.Build.0 = Debug|Any CPU
		{9990C90D-DE35-4E0E-8CD1-3EE520F359C0}.Debug|Any CPU.ActiveCfg = Debug|Any CPU
		{9990C90D-DE35-4E0E-8CD1-3EE520F359C0}.Debug|Any CPU.Build.0 = Debug|Any CPU
		{9990C90D-DE35-4E0E-8CD1-3EE520F359C0}.Release|Any CPU.ActiveCfg = Debug|Any CPU
		{9990C90D-DE35-4E0E-8CD1-3EE520F359C0}.Release|Any CPU.Build.0 = Debug|Any CPU
		{20CE41F1-CD5A-43B4-B50F-A7BFEDD47870}.Debug|Any CPU.ActiveCfg = Debug|Any CPU
		{20CE41F1-CD5A-43B4-B50F-A7BFEDD47870}.Debug|Any CPU.Build.0 = Debug|Any CPU
		{20CE41F1-CD5A-43B4-B50F-A7BFEDD47870}.Release|Any CPU.ActiveCfg = Debug|Any CPU
		{20CE41F1-CD5A-43B4-B50F-A7BFEDD47870}.Release|Any CPU.Build.0 = Debug|Any CPU
		{AEDE2D40-A185-4C82-B364-053A7EA07B0C}.Debug|Any CPU.ActiveCfg = Debug|Any CPU
		{AEDE2D40-A185-4C82-B364-053A7EA07B0C}.Debug|Any CPU.Build.0 = Debug|Any CPU
		{AEDE2D40-A185-4C82-B364-053A7EA07B0C}.Release|Any CPU.ActiveCfg = Debug|Any CPU
		{AEDE2D40-A185-4C82-B364-053A7EA07B0C}.Release|Any CPU.Build.0 = Debug|Any CPU
	EndGlobalSection
	GlobalSection(SolutionProperties) = preSolution
		HideSolutionNode = FALSE
	EndGlobalSection
	GlobalSection(ExtensibilityGlobals) = postSolution
		SolutionGuid = {6C19EC33-B94C-4EB9-BEA6-DE95C42C719B}
	EndGlobalSection
EndGlobal
